
Microsoft Visual Studio Solution File, Format Version 12.00
# Visual Studio Version 16
VisualStudioVersion = 16.0.29209.62
MinimumVisualStudioVersion = 10.0.40219.1
Project("{FAE04EC0-301F-11D3-BF4B-00C04F79EFBC}") = "LogisticsDBApi", "LogisticsDBApi\LogisticsDBApi.csproj", "{6B8B6C56-BA14-4690-B10B-5928C9ECD131}"
EndProject
Global
	GlobalSection(SolutionConfigurationPlatforms) = preSolution
		Debug|Any CPU = Debug|Any CPU
		Release|Any CPU = Release|Any CPU
	EndGlobalSection
	GlobalSection(ProjectConfigurationPlatforms) = postSolution
		{6B8B6C56-BA14-4690-B10B-5928C9ECD131}.Debug|Any CPU.ActiveCfg = Debug|Any CPU
		{6B8B6C56-BA14-4690-B10B-5928C9ECD131}.Debug|Any CPU.Build.0 = Debug|Any CPU
		{6B8B6C56-BA14-4690-B10B-5928C9ECD131}.Release|Any CPU.ActiveCfg = Release|Any CPU
		{6B8B6C56-BA14-4690-B10B-5928C9ECD131}.Release|Any CPU.Build.0 = Release|Any CPU
	EndGlobalSection
	GlobalSection(SolutionProperties) = preSolution
		HideSolutionNode = FALSE
	EndGlobalSection
	GlobalSection(ExtensibilityGlobals) = postSolution
		SolutionGuid = {8BFBFE9A-45B8-4FE4-8493-2D3008D02CA7}
	EndGlobalSection
EndGlobal
